// !$*UTF8*$!
{
	archiveVersion = 1;
	classes = {
	};
	objectVersion = 50;
	objects = {

/* Begin PBXBuildFile section */
		8B1ADFCD254758E200B45C66 /* AppDelegate.swift in Sources */ = {isa = PBXBuildFile; fileRef = 8B1ADFCC254758E200B45C66 /* AppDelegate.swift */; };
		8B1ADFCF254758E200B45C66 /* SceneDelegate.swift in Sources */ = {isa = PBXBuildFile; fileRef = 8B1ADFCE254758E200B45C66 /* SceneDelegate.swift */; };
		8B1ADFD1254758E200B45C66 /* ContentView.swift in Sources */ = {isa = PBXBuildFile; fileRef = 8B1ADFD0254758E200B45C66 /* ContentView.swift */; };
		8B1ADFD3254758E300B45C66 /* Assets.xcassets in Resources */ = {isa = PBXBuildFile; fileRef = 8B1ADFD2254758E300B45C66 /* Assets.xcassets */; };
		8B1ADFD6254758E300B45C66 /* Preview Assets.xcassets in Resources */ = {isa = PBXBuildFile; fileRef = 8B1ADFD5254758E300B45C66 /* Preview Assets.xcassets */; };
		8B1ADFD9254758E300B45C66 /* LaunchScreen.storyboard in Resources */ = {isa = PBXBuildFile; fileRef = 8B1ADFD7254758E300B45C66 /* LaunchScreen.storyboard */; };
		8B1ADFE4254758E300B45C66 /* SwiftUIWebKit_ExampleTests.swift in Sources */ = {isa = PBXBuildFile; fileRef = 8B1ADFE3254758E300B45C66 /* SwiftUIWebKit_ExampleTests.swift */; };
		8B1ADFEF254758E300B45C66 /* SwiftUIWebKit_ExampleUITests.swift in Sources */ = {isa = PBXBuildFile; fileRef = 8B1ADFEE254758E300B45C66 /* SwiftUIWebKit_ExampleUITests.swift */; };
		8B1ADFFD2547597600B45C66 /* Webview.swift in Sources */ = {isa = PBXBuildFile; fileRef = 8B1ADFFC2547597600B45C66 /* Webview.swift */; };
/* End PBXBuildFile section */

/* Begin PBXContainerItemProxy section */
		8B1ADFE0254758E300B45C66 /* PBXContainerItemProxy */ = {
			isa = PBXContainerItemProxy;
			containerPortal = 8B1ADFC1254758E200B45C66 /* Project object */;
			proxyType = 1;
			remoteGlobalIDString = 8B1ADFC8254758E200B45C66;
			remoteInfo = "SwiftUIWebKit Example";
		};
		8B1ADFEB254758E300B45C66 /* PBXContainerItemProxy */ = {
			isa = PBXContainerItemProxy;
			containerPortal = 8B1ADFC1254758E200B45C66 /* Project object */;
			proxyType = 1;
			remoteGlobalIDString = 8B1ADFC8254758E200B45C66;
			remoteInfo = "SwiftUIWebKit Example";
		};
/* End PBXContainerItemProxy section */

/* Begin PBXFileReference section */
		8B1ADFC9254758E200B45C66 /* SwiftUIWebKit Example.app */ = {isa = PBXFileReference; explicitFileType = wrapper.application; includeInIndex = 0; path = "SwiftUIWebKit Example.app"; sourceTree = BUILT_PRODUCTS_DIR; };
		8B1ADFCC254758E200B45C66 /* AppDelegate.swift */ = {isa = PBXFileReference; lastKnownFileType = sourcecode.swift; path = AppDelegate.swift; sourceTree = "<group>"; };
		8B1ADFCE254758E200B45C66 /* SceneDelegate.swift */ = {isa = PBXFileReference; lastKnownFileType = sourcecode.swift; path = SceneDelegate.swift; sourceTree = "<group>"; };
		8B1ADFD0254758E200B45C66 /* ContentView.swift */ = {isa = PBXFileReference; lastKnownFileType = sourcecode.swift; path = ContentView.swift; sourceTree = "<group>"; };
		8B1ADFD2254758E300B45C66 /* Assets.xcassets */ = {isa = PBXFileReference; lastKnownFileType = folder.assetcatalog; path = Assets.xcassets; sourceTree = "<group>"; };
		8B1ADFD5254758E300B45C66 /* Preview Assets.xcassets */ = {isa = PBXFileReference; lastKnownFileType = folder.assetcatalog; path = "Preview Assets.xcassets"; sourceTree = "<group>"; };
		8B1ADFD8254758E300B45C66 /* Base */ = {isa = PBXFileReference; lastKnownFileType = file.storyboard; name = Base; path = Base.lproj/LaunchScreen.storyboard; sourceTree = "<group>"; };
		8B1ADFDA254758E300B45C66 /* Info.plist */ = {isa = PBXFileReference; lastKnownFileType = text.plist.xml; path = Info.plist; sourceTree = "<group>"; };
		8B1ADFDF254758E300B45C66 /* SwiftUIWebKit ExampleTests.xctest */ = {isa = PBXFileReference; explicitFileType = wrapper.cfbundle; includeInIndex = 0; path = "SwiftUIWebKit ExampleTests.xctest"; sourceTree = BUILT_PRODUCTS_DIR; };
		8B1ADFE3254758E300B45C66 /* SwiftUIWebKit_ExampleTests.swift */ = {isa = PBXFileReference; lastKnownFileType = sourcecode.swift; path = SwiftUIWebKit_ExampleTests.swift; sourceTree = "<group>"; };
		8B1ADFE5254758E300B45C66 /* Info.plist */ = {isa = PBXFileReference; lastKnownFileType = text.plist.xml; path = Info.plist; sourceTree = "<group>"; };
		8B1ADFEA254758E300B45C66 /* SwiftUIWebKit ExampleUITests.xctest */ = {isa = PBXFileReference; explicitFileType = wrapper.cfbundle; includeInIndex = 0; path = "SwiftUIWebKit ExampleUITests.xctest"; sourceTree = BUILT_PRODUCTS_DIR; };
		8B1ADFEE254758E300B45C66 /* SwiftUIWebKit_ExampleUITests.swift */ = {isa = PBXFileReference; lastKnownFileType = sourcecode.swift; path = SwiftUIWebKit_ExampleUITests.swift; sourceTree = "<group>"; };
		8B1ADFF0254758E300B45C66 /* Info.plist */ = {isa = PBXFileReference; lastKnownFileType = text.plist.xml; path = Info.plist; sourceTree = "<group>"; };
		8B1ADFFC2547597600B45C66 /* Webview.swift */ = {isa = PBXFileReference; lastKnownFileType = sourcecode.swift; path = Webview.swift; sourceTree = "<group>"; };
/* End PBXFileReference section */

/* Begin PBXFrameworksBuildPhase section */
		8B1ADFC6254758E200B45C66 /* Frameworks */ = {
			isa = PBXFrameworksBuildPhase;
			buildActionMask = 2147483647;
			files = (
			);
			runOnlyForDeploymentPostprocessing = 0;
		};
		8B1ADFDC254758E300B45C66 /* Frameworks */ = {
			isa = PBXFrameworksBuildPhase;
			buildActionMask = 2147483647;
			files = (
			);
			runOnlyForDeploymentPostprocessing = 0;
		};
		8B1ADFE7254758E300B45C66 /* Frameworks */ = {
			isa = PBXFrameworksBuildPhase;
			buildActionMask = 2147483647;
			files = (
			);
			runOnlyForDeploymentPostprocessing = 0;
		};
/* End PBXFrameworksBuildPhase section */

/* Begin PBXGroup section */
		8B1ADFC0254758E200B45C66 = {
			isa = PBXGroup;
			children = (
				8B1ADFCB254758E200B45C66 /* SwiftUIWebKit Example */,
				8B1ADFE2254758E300B45C66 /* SwiftUIWebKit ExampleTests */,
				8B1ADFED254758E300B45C66 /* SwiftUIWebKit ExampleUITests */,
				8B1ADFCA254758E200B45C66 /* Products */,
			);
			sourceTree = "<group>";
		};
		8B1ADFCA254758E200B45C66 /* Products */ = {
			isa = PBXGroup;
			children = (
				8B1ADFC9254758E200B45C66 /* SwiftUIWebKit Example.app */,
				8B1ADFDF254758E300B45C66 /* SwiftUIWebKit ExampleTests.xctest */,
				8B1ADFEA254758E300B45C66 /* SwiftUIWebKit ExampleUITests.xctest */,
			);
			name = Products;
			sourceTree = "<group>";
		};
		8B1ADFCB254758E200B45C66 /* SwiftUIWebKit Example */ = {
			isa = PBXGroup;
			children = (
				8B1ADFCC254758E200B45C66 /* AppDelegate.swift */,
				8B1ADFCE254758E200B45C66 /* SceneDelegate.swift */,
				8B1ADFD0254758E200B45C66 /* ContentView.swift */,
				8B1ADFD2254758E300B45C66 /* Assets.xcassets */,
				8B1ADFD7254758E300B45C66 /* LaunchScreen.storyboard */,
				8B1ADFDA254758E300B45C66 /* Info.plist */,
				8B1ADFD4254758E300B45C66 /* Preview Content */,
				8B1ADFFC2547597600B45C66 /* Webview.swift */,
			);
			path = "SwiftUIWebKit Example";
			sourceTree = "<group>";
		};
		8B1ADFD4254758E300B45C66 /* Preview Content */ = {
			isa = PBXGroup;
			children = (
				8B1ADFD5254758E300B45C66 /* Preview Assets.xcassets */,
			);
			path = "Preview Content";
			sourceTree = "<group>";
		};
		8B1ADFE2254758E300B45C66 /* SwiftUIWebKit ExampleTests */ = {
			isa = PBXGroup;
			children = (
				8B1ADFE3254758E300B45C66 /* SwiftUIWebKit_ExampleTests.swift */,
				8B1ADFE5254758E300B45C66 /* Info.plist */,
			);
			path = "SwiftUIWebKit ExampleTests";
			sourceTree = "<group>";
		};
		8B1ADFED254758E300B45C66 /* SwiftUIWebKit ExampleUITests */ = {
			isa = PBXGroup;
			children = (
				8B1ADFEE254758E300B45C66 /* SwiftUIWebKit_ExampleUITests.swift */,
				8B1ADFF0254758E300B45C66 /* Info.plist */,
			);
			path = "SwiftUIWebKit ExampleUITests";
			sourceTree = "<group>";
		};
/* End PBXGroup section */

/* Begin PBXNativeTarget section */
		8B1ADFC8254758E200B45C66 /* SwiftUIWebKit Example */ = {
			isa = PBXNativeTarget;
			buildConfigurationList = 8B1ADFF3254758E300B45C66 /* Build configuration list for PBXNativeTarget "SwiftUIWebKit Example" */;
			buildPhases = (
				8B1ADFC5254758E200B45C66 /* Sources */,
				8B1ADFC6254758E200B45C66 /* Frameworks */,
				8B1ADFC7254758E200B45C66 /* Resources */,
			);
			buildRules = (
			);
			dependencies = (
			);
			name = "SwiftUIWebKit Example";
			productName = "SwiftUIWebKit Example";
			productReference = 8B1ADFC9254758E200B45C66 /* SwiftUIWebKit Example.app */;
			productType = "com.apple.product-type.application";
		};
		8B1ADFDE254758E300B45C66 /* SwiftUIWebKit ExampleTests */ = {
			isa = PBXNativeTarget;
			buildConfigurationList = 8B1ADFF6254758E300B45C66 /* Build configuration list for PBXNativeTarget "SwiftUIWebKit ExampleTests" */;
			buildPhases = (
				8B1ADFDB254758E300B45C66 /* Sources */,
				8B1ADFDC254758E300B45C66 /* Frameworks */,
				8B1ADFDD254758E300B45C66 /* Resources */,
			);
			buildRules = (
			);
			dependencies = (
				8B1ADFE1254758E300B45C66 /* PBXTargetDependency */,
			);
			name = "SwiftUIWebKit ExampleTests";
			productName = "SwiftUIWebKit ExampleTests";
			productReference = 8B1ADFDF254758E300B45C66 /* SwiftUIWebKit ExampleTests.xctest */;
			productType = "com.apple.product-type.bundle.unit-test";
		};
		8B1ADFE9254758E300B45C66 /* SwiftUIWebKit ExampleUITests */ = {
			isa = PBXNativeTarget;
			buildConfigurationList = 8B1ADFF9254758E300B45C66 /* Build configuration list for PBXNativeTarget "SwiftUIWebKit ExampleUITests" */;
			buildPhases = (
				8B1ADFE6254758E300B45C66 /* Sources */,
				8B1ADFE7254758E300B45C66 /* Frameworks */,
				8B1ADFE8254758E300B45C66 /* Resources */,
			);
			buildRules = (
			);
			dependencies = (
				8B1ADFEC254758E300B45C66 /* PBXTargetDependency */,
			);
			name = "SwiftUIWebKit ExampleUITests";
			productName = "SwiftUIWebKit ExampleUITests";
			productReference = 8B1ADFEA254758E300B45C66 /* SwiftUIWebKit ExampleUITests.xctest */;
			productType = "com.apple.product-type.bundle.ui-testing";
		};
/* End PBXNativeTarget section */

/* Begin PBXProject section */
		8B1ADFC1254758E200B45C66 /* Project object */ = {
			isa = PBXProject;
			attributes = {
				LastSwiftUpdateCheck = 1150;
				LastUpgradeCheck = 1150;
				ORGANIZATIONNAME = Paslagitsin;
				TargetAttributes = {
					8B1ADFC8254758E200B45C66 = {
						CreatedOnToolsVersion = 11.5;
					};
					8B1ADFDE254758E300B45C66 = {
						CreatedOnToolsVersion = 11.5;
						TestTargetID = 8B1ADFC8254758E200B45C66;
					};
					8B1ADFE9254758E300B45C66 = {
						CreatedOnToolsVersion = 11.5;
						TestTargetID = 8B1ADFC8254758E200B45C66;
					};
				};
			};
			buildConfigurationList = 8B1ADFC4254758E200B45C66 /* Build configuration list for PBXProject "SwiftUIWebKit Example" */;
			compatibilityVersion = "Xcode 9.3";
			developmentRegion = en;
			hasScannedForEncodings = 0;
			knownRegions = (
				en,
				Base,
			);
			mainGroup = 8B1ADFC0254758E200B45C66;
			productRefGroup = 8B1ADFCA254758E200B45C66 /* Products */;
			projectDirPath = "";
			projectRoot = "";
			targets = (
				8B1ADFC8254758E200B45C66 /* SwiftUIWebKit Example */,
				8B1ADFDE254758E300B45C66 /* SwiftUIWebKit ExampleTests */,
				8B1ADFE9254758E300B45C66 /* SwiftUIWebKit ExampleUITests */,
			);
		};
/* End PBXProject section */

/* Begin PBXResourcesBuildPhase section */
		8B1ADFC7254758E200B45C66 /* Resources */ = {
			isa = PBXResourcesBuildPhase;
			buildActionMask = 2147483647;
			files = (
				8B1ADFD9254758E300B45C66 /* LaunchScreen.storyboard in Resources */,
				8B1ADFD6254758E300B45C66 /* Preview Assets.xcassets in Resources */,
				8B1ADFD3254758E300B45C66 /* Assets.xcassets in Resources */,
			);
			runOnlyForDeploymentPostprocessing = 0;
		};
		8B1ADFDD254758E300B45C66 /* Resources */ = {
			isa = PBXResourcesBuildPhase;
			buildActionMask = 2147483647;
			files = (
			);
			runOnlyForDeploymentPostprocessing = 0;
		};
		8B1ADFE8254758E300B45C66 /* Resources */ = {
			isa = PBXResourcesBuildPhase;
			buildActionMask = 2147483647;
			files = (
			);
			runOnlyForDeploymentPostprocessing = 0;
		};
/* End PBXResourcesBuildPhase section */

/* Begin PBXSourcesBuildPhase section */
		8B1ADFC5254758E200B45C66 /* Sources */ = {
			isa = PBXSourcesBuildPhase;
			buildActionMask = 2147483647;
			files = (
				8B1ADFCD254758E200B45C66 /* AppDelegate.swift in Sources */,
				8B1ADFFD2547597600B45C66 /* Webview.swift in Sources */,
				8B1ADFCF254758E200B45C66 /* SceneDelegate.swift in Sources */,
				8B1ADFD1254758E200B45C66 /* ContentView.swift in Sources */,
			);
			runOnlyForDeploymentPostprocessing = 0;
		};
		8B1ADFDB254758E300B45C66 /* Sources */ = {
			isa = PBXSourcesBuildPhase;
			buildActionMask = 2147483647;
			files = (
				8B1ADFE4254758E300B45C66 /* SwiftUIWebKit_ExampleTests.swift in Sources */,
			);
			runOnlyForDeploymentPostprocessing = 0;
		};
		8B1ADFE6254758E300B45C66 /* Sources */ = {
			isa = PBXSourcesBuildPhase;
			buildActionMask = 2147483647;
			files = (
				8B1ADFEF254758E300B45C66 /* SwiftUIWebKit_ExampleUITests.swift in Sources */,
			);
			runOnlyForDeploymentPostprocessing = 0;
		};
/* End PBXSourcesBuildPhase section */

/* Begin PBXTargetDependency section */
		8B1ADFE1254758E300B45C66 /* PBXTargetDependency */ = {
			isa = PBXTargetDependency;
			target = 8B1ADFC8254758E200B45C66 /* SwiftUIWebKit Example */;
			targetProxy = 8B1ADFE0254758E300B45C66 /* PBXContainerItemProxy */;
		};
		8B1ADFEC254758E300B45C66 /* PBXTargetDependency */ = {
			isa = PBXTargetDependency;
			target = 8B1ADFC8254758E200B45C66 /* SwiftUIWebKit Example */;
			targetProxy = 8B1ADFEB254758E300B45C66 /* PBXContainerItemProxy */;
		};
/* End PBXTargetDependency section */

/* Begin PBXVariantGroup section */
		8B1ADFD7254758E300B45C66 /* LaunchScreen.storyboard */ = {
			isa = PBXVariantGroup;
			children = (
				8B1ADFD8254758E300B45C66 /* Base */,
			);
			name = LaunchScreen.storyboard;
			sourceTree = "<group>";
		};
/* End PBXVariantGroup section */

/* Begin XCBuildConfiguration section */
		8B1ADFF1254758E300B45C66 /* Debug */ = {
			isa = XCBuildConfiguration;
			buildSettings = {
				ALWAYS_SEARCH_USER_PATHS = NO;
				CLANG_ANALYZER_NONNULL = YES;
				CLANG_ANALYZER_NUMBER_OBJECT_CONVERSION = YES_AGGRESSIVE;
				CLANG_CXX_LANGUAGE_STANDARD = "gnu++14";
				CLANG_CXX_LIBRARY = "libc++";
				CLANG_ENABLE_MODULES = YES;
				CLANG_ENABLE_OBJC_ARC = YES;
				CLANG_ENABLE_OBJC_WEAK = YES;
				CLANG_WARN_BLOCK_CAPTURE_AUTORELEASING = YES;
				CLANG_WARN_BOOL_CONVERSION = YES;
				CLANG_WARN_COMMA = YES;
				CLANG_WARN_CONSTANT_CONVERSION = YES;
				CLANG_WARN_DEPRECATED_OBJC_IMPLEMENTATIONS = YES;
				CLANG_WARN_DIRECT_OBJC_ISA_USAGE = YES_ERROR;
				CLANG_WARN_DOCUMENTATION_COMMENTS = YES;
				CLANG_WARN_EMPTY_BODY = YES;
				CLANG_WARN_ENUM_CONVERSION = YES;
				CLANG_WARN_INFINITE_RECURSION = YES;
				CLANG_WARN_INT_CONVERSION = YES;
				CLANG_WARN_NON_LITERAL_NULL_CONVERSION = YES;
				CLANG_WARN_OBJC_IMPLICIT_RETAIN_SELF = YES;
				CLANG_WARN_OBJC_LITERAL_CONVERSION = YES;
				CLANG_WARN_OBJC_ROOT_CLASS = YES_ERROR;
				CLANG_WARN_RANGE_LOOP_ANALYSIS = YES;
				CLANG_WARN_STRICT_PROTOTYPES = YES;
				CLANG_WARN_SUSPICIOUS_MOVE = YES;
				CLANG_WARN_UNGUARDED_AVAILABILITY = YES_AGGRESSIVE;
				CLANG_WARN_UNREACHABLE_CODE = YES;
				CLANG_WARN__DUPLICATE_METHOD_MATCH = YES;
				COPY_PHASE_STRIP = NO;
				DEBUG_INFORMATION_FORMAT = dwarf;
				ENABLE_STRICT_OBJC_MSGSEND = YES;
				ENABLE_TESTABILITY = YES;
				GCC_C_LANGUAGE_STANDARD = gnu11;
				GCC_DYNAMIC_NO_PIC = NO;
				GCC_NO_COMMON_BLOCKS = YES;
				GCC_OPTIMIZATION_LEVEL = 0;
				GCC_PREPROCESSOR_DEFINITIONS = (
					"DEBUG=1",
					"$(inherited)",
				);
				GCC_WARN_64_TO_32_BIT_CONVERSION = YES;
				GCC_WARN_ABOUT_RETURN_TYPE = YES_ERROR;
				GCC_WARN_UNDECLARED_SELECTOR = YES;
				GCC_WARN_UNINITIALIZED_AUTOS = YES_AGGRESSIVE;
				GCC_WARN_UNUSED_FUNCTION = YES;
				GCC_WARN_UNUSED_VARIABLE = YES;
				IPHONEOS_DEPLOYMENT_TARGET = 13.5;
				MTL_ENABLE_DEBUG_INFO = INCLUDE_SOURCE;
				MTL_FAST_MATH = YES;
				ONLY_ACTIVE_ARCH = YES;
				SDKROOT = iphoneos;
				SWIFT_ACTIVE_COMPILATION_CONDITIONS = DEBUG;
				SWIFT_OPTIMIZATION_LEVEL = "-Onone";
			};
			name = Debug;
		};
		8B1ADFF2254758E300B45C66 /* Release */ = {
			isa = XCBuildConfiguration;
			buildSettings = {
				ALWAYS_SEARCH_USER_PATHS = NO;
				CLANG_ANALYZER_NONNULL = YES;
				CLANG_ANALYZER_NUMBER_OBJECT_CONVERSION = YES_AGGRESSIVE;
				CLANG_CXX_LANGUAGE_STANDARD = "gnu++14";
				CLANG_CXX_LIBRARY = "libc++";
				CLANG_ENABLE_MODULES = YES;
				CLANG_ENABLE_OBJC_ARC = YES;
				CLANG_ENABLE_OBJC_WEAK = YES;
				CLANG_WARN_BLOCK_CAPTURE_AUTORELEASING = YES;
				CLANG_WARN_BOOL_CONVERSION = YES;
				CLANG_WARN_COMMA = YES;
				CLANG_WARN_CONSTANT_CONVERSION = YES;
				CLANG_WARN_DEPRECATED_OBJC_IMPLEMENTATIONS = YES;
				CLANG_WARN_DIRECT_OBJC_ISA_USAGE = YES_ERROR;
				CLANG_WARN_DOCUMENTATION_COMMENTS = YES;
				CLANG_WARN_EMPTY_BODY = YES;
				CLANG_WARN_ENUM_CONVERSION = YES;
				CLANG_WARN_INFINITE_RECURSION = YES;
				CLANG_WARN_INT_CONVERSION = YES;
				CLANG_WARN_NON_LITERAL_NULL_CONVERSION = YES;
				CLANG_WARN_OBJC_IMPLICIT_RETAIN_SELF = YES;
				CLANG_WARN_OBJC_LITERAL_CONVERSION = YES;
				CLANG_WARN_OBJC_ROOT_CLASS = YES_ERROR;
				CLANG_WARN_RANGE_LOOP_ANALYSIS = YES;
				CLANG_WARN_STRICT_PROTOTYPES = YES;
				CLANG_WARN_SUSPICIOUS_MOVE = YES;
				CLANG_WARN_UNGUARDED_AVAILABILITY = YES_AGGRESSIVE;
				CLANG_WARN_UNREACHABLE_CODE = YES;
				CLANG_WARN__DUPLICATE_METHOD_MATCH = YES;
				COPY_PHASE_STRIP = NO;
				DEBUG_INFORMATION_FORMAT = "dwarf-with-dsym";
				ENABLE_NS_ASSERTIONS = NO;
				ENABLE_STRICT_OBJC_MSGSEND = YES;
				GCC_C_LANGUAGE_STANDARD = gnu11;
				GCC_NO_COMMON_BLOCKS = YES;
				GCC_WARN_64_TO_32_BIT_CONVERSION = YES;
				GCC_WARN_ABOUT_RETURN_TYPE = YES_ERROR;
				GCC_WARN_UNDECLARED_SELECTOR = YES;
				GCC_WARN_UNINITIALIZED_AUTOS = YES_AGGRESSIVE;
				GCC_WARN_UNUSED_FUNCTION = YES;
				GCC_WARN_UNUSED_VARIABLE = YES;
				IPHONEOS_DEPLOYMENT_TARGET = 13.5;
				MTL_ENABLE_DEBUG_INFO = NO;
				MTL_FAST_MATH = YES;
				SDKROOT = iphoneos;
				SWIFT_COMPILATION_MODE = wholemodule;
				SWIFT_OPTIMIZATION_LEVEL = "-O";
				VALIDATE_PRODUCT = YES;
			};
			name = Release;
		};
		8B1ADFF4254758E300B45C66 /* Debug */ = {
			isa = XCBuildConfiguration;
			buildSettings = {
				ASSETCATALOG_COMPILER_APPICON_NAME = AppIcon;
				CODE_SIGN_STYLE = Automatic;
				DEVELOPMENT_ASSET_PATHS = "\"SwiftUIWebKit Example/Preview Content\"";
				ENABLE_PREVIEWS = YES;
				INFOPLIST_FILE = "SwiftUIWebKit Example/Info.plist";
				LD_RUNPATH_SEARCH_PATHS = (
					"$(inherited)",
					"@executable_path/Frameworks",
				);
				PRODUCT_BUNDLE_IDENTIFIER = "com.swiftuiwebkit.SwiftUIWebKit-Example";
				PRODUCT_NAME = "$(TARGET_NAME)";
				SWIFT_VERSION = 5.0;
				TARGETED_DEVICE_FAMILY = "1,2";
			};
			name = Debug;
		};
		8B1ADFF5254758E300B45C66 /* Release */ = {
			isa = XCBuildConfiguration;
			buildSettings = {
				ASSETCATALOG_COMPILER_APPICON_NAME = AppIcon;
				CODE_SIGN_STYLE = Automatic;
				DEVELOPMENT_ASSET_PATHS = "\"SwiftUIWebKit Example/Preview Content\"";
				ENABLE_PREVIEWS = YES;
				INFOPLIST_FILE = "SwiftUIWebKit Example/Info.plist";
				LD_RUNPATH_SEARCH_PATHS = (
					"$(inherited)",
					"@executable_path/Frameworks",
				);
				PRODUCT_BUNDLE_IDENTIFIER = "com.swiftuiwebkit.SwiftUIWebKit-Example";
				PRODUCT_NAME = "$(TARGET_NAME)";
				SWIFT_VERSION = 5.0;
				TARGETED_DEVICE_FAMILY = "1,2";
			};
			name = Release;
		};
		8B1ADFF7254758E300B45C66 /* Debug */ = {
			isa = XCBuildConfiguration;
			buildSettings = {
				ALWAYS_EMBED_SWIFT_STANDARD_LIBRARIES = YES;
				BUNDLE_LOADER = "$(TEST_HOST)";
				CODE_SIGN_STYLE = Automatic;
				INFOPLIST_FILE = "SwiftUIWebKit ExampleTests/Info.plist";
				IPHONEOS_DEPLOYMENT_TARGET = 13.5;
				LD_RUNPATH_SEARCH_PATHS = (
					"$(inherited)",
					"@executable_path/Frameworks",
					"@loader_path/Frameworks",
				);
				PRODUCT_BUNDLE_IDENTIFIER = "com.swiftuiwebkit.SwiftUIWebKit-ExampleTests";
				PRODUCT_NAME = "$(TARGET_NAME)";
				SWIFT_VERSION = 5.0;
				TARGETED_DEVICE_FAMILY = "1,2";
				TEST_HOST = "$(BUILT_PRODUCTS_DIR)/SwiftUIWebKit Example.app/SwiftUIWebKit Example";
			};
			name = Debug;
		};
		8B1ADFF8254758E300B45C66 /* Release */ = {
			isa = XCBuildConfiguration;
			buildSettings = {
				ALWAYS_EMBED_SWIFT_STANDARD_LIBRARIES = YES;
				BUNDLE_LOADER = "$(TEST_HOST)";
				CODE_SIGN_STYLE = Automatic;
				INFOPLIST_FILE = "SwiftUIWebKit ExampleTests/Info.plist";
				IPHONEOS_DEPLOYMENT_TARGET = 13.5;
				LD_RUNPATH_SEARCH_PATHS = (
					"$(inherited)",
					"@executable_path/Frameworks",
					"@loader_path/Frameworks",
				);
				PRODUCT_BUNDLE_IDENTIFIER = "com.swiftuiwebkit.SwiftUIWebKit-ExampleTests";
				PRODUCT_NAME = "$(TARGET_NAME)";
				SWIFT_VERSION = 5.0;
				TARGETED_DEVICE_FAMILY = "1,2";
				TEST_HOST = "$(BUILT_PRODUCTS_DIR)/SwiftUIWebKit Example.app/SwiftUIWebKit Example";
			};
			name = Release;
		};
		8B1ADFFA254758E300B45C66 /* Debug */ = {
			isa = XCBuildConfiguration;
			buildSettings = {
				ALWAYS_EMBED_SWIFT_STANDARD_LIBRARIES = YES;
				CODE_SIGN_STYLE = Automatic;
				INFOPLIST_FILE = "SwiftUIWebKit ExampleUITests/Info.plist";
				LD_RUNPATH_SEARCH_PATHS = (
					"$(inherited)",
					"@executable_path/Frameworks",
					"@loader_path/Frameworks",
				);
				PRODUCT_BUNDLE_IDENTIFIER = "com.swiftuiwebkit.SwiftUIWebKit-ExampleUITests";
				PRODUCT_NAME = "$(TARGET_NAME)";
				SWIFT_VERSION = 5.0;
				TARGETED_DEVICE_FAMILY = "1,2";
				TEST_TARGET_NAME = "SwiftUIWebKit Example";
			};
			name = Debug;
		};
		8B1ADFFB254758E300B45C66 /* Release */ = {
			isa = XCBuildConfiguration;
			buildSettings = {
				ALWAYS_EMBED_SWIFT_STANDARD_LIBRARIES = YES;
				CODE_SIGN_STYLE = Automatic;
				INFOPLIST_FILE = "SwiftUIWebKit ExampleUITests/Info.plist";
				LD_RUNPATH_SEARCH_PATHS = (
					"$(inherited)",
					"@executable_path/Frameworks",
					"@loader_path/Frameworks",
				);
				PRODUCT_BUNDLE_IDENTIFIER = "com.swiftuiwebkit.SwiftUIWebKit-ExampleUITests";
				PRODUCT_NAME = "$(TARGET_NAME)";
				SWIFT_VERSION = 5.0;
				TARGETED_DEVICE_FAMILY = "1,2";
				TEST_TARGET_NAME = "SwiftUIWebKit Example";
			};
			name = Release;
		};
/* End XCBuildConfiguration section */

/* Begin XCConfigurationList section */
		8B1ADFC4254758E200B45C66 /* Build configuration list for PBXProject "SwiftUIWebKit Example" */ = {
			isa = XCConfigurationList;
			buildConfigurations = (
				8B1ADFF1254758E300B45C66 /* Debug */,
				8B1ADFF2254758E300B45C66 /* Release */,
			);
			defaultConfigurationIsVisible = 0;
			defaultConfigurationName = Release;
		};
		8B1ADFF3254758E300B45C66 /* Build configuration list for PBXNativeTarget "SwiftUIWebKit Example" */ = {
			isa = XCConfigurationList;
			buildConfigurations = (
				8B1ADFF4254758E300B45C66 /* Debug */,
				8B1ADFF5254758E300B45C66 /* Release */,
			);
			defaultConfigurationIsVisible = 0;
			defaultConfigurationName = Release;
		};
		8B1ADFF6254758E300B45C66 /* Build configuration list for PBXNativeTarget "SwiftUIWebKit ExampleTests" */ = {
			isa = XCConfigurationList;
			buildConfigurations = (
				8B1ADFF7254758E300B45C66 /* Debug */,
				8B1ADFF8254758E300B45C66 /* Release */,
			);
			defaultConfigurationIsVisible = 0;
			defaultConfigurationName = Release;
		};
		8B1ADFF9254758E300B45C66 /* Build configuration list for PBXNativeTarget "SwiftUIWebKit ExampleUITests" */ = {
			isa = XCConfigurationList;
			buildConfigurations = (
				8B1ADFFA254758E300B45C66 /* Debug */,
				8B1ADFFB254758E300B45C66 /* Release */,
			);
			defaultConfigurationIsVisible = 0;
			defaultConfigurationName = Release;
		};
/* End XCConfigurationList section */
	};
	rootObject = 8B1ADFC1254758E200B45C66 /* Project object */;
}
